// !$*UTF8*$!
{
	archiveVersion = 1;
	classes = {
	};
	objectVersion = 50;
	objects = {

/* Begin PBXBuildFile section */
		064ABC7A24ABB8050019A2AB /* CamingoCode-Regular.ttf in Resources */ = {isa = PBXBuildFile; fileRef = 064ABC7924ABB8050019A2AB /* CamingoCode-Regular.ttf */; };
		064ABC7E24ABBBA40019A2AB /* Constants.swift in Sources */ = {isa = PBXBuildFile; fileRef = 064ABC7D24ABBBA40019A2AB /* Constants.swift */; };
		17687ACE24A96FF2006CC0D9 /* CategoryScreen.swift in Sources */ = {isa = PBXBuildFile; fileRef = 17687ACD24A96FF2006CC0D9 /* CategoryScreen.swift */; };
		176ED12624A85F02000B99A3 /* AppDelegate.swift in Sources */ = {isa = PBXBuildFile; fileRef = 176ED12524A85F02000B99A3 /* AppDelegate.swift */; };
		176ED12824A85F02000B99A3 /* SceneDelegate.swift in Sources */ = {isa = PBXBuildFile; fileRef = 176ED12724A85F02000B99A3 /* SceneDelegate.swift */; };
		176ED12A24A85F02000B99A3 /* ViewController.swift in Sources */ = {isa = PBXBuildFile; fileRef = 176ED12924A85F02000B99A3 /* ViewController.swift */; };
		176ED12F24A85F02000B99A3 /* Assets.xcassets in Resources */ = {isa = PBXBuildFile; fileRef = 176ED12E24A85F02000B99A3 /* Assets.xcassets */; };
		176ED13224A85F02000B99A3 /* LaunchScreen.storyboard in Resources */ = {isa = PBXBuildFile; fileRef = 176ED13024A85F02000B99A3 /* LaunchScreen.storyboard */; };
		176ED13A24A85FA7000B99A3 /* Questions.swift in Sources */ = {isa = PBXBuildFile; fileRef = 176ED13924A85FA7000B99A3 /* Questions.swift */; };
		176ED13C24A85FC5000B99A3 /* Answers.swift in Sources */ = {isa = PBXBuildFile; fileRef = 176ED13B24A85FC5000B99A3 /* Answers.swift */; };
		176ED13E24A85FE7000B99A3 /* EndScreen.swift in Sources */ = {isa = PBXBuildFile; fileRef = 176ED13D24A85FE7000B99A3 /* EndScreen.swift */; };
		17FC060424ABC48E004B906E /* QuestionNumber.swift in Sources */ = {isa = PBXBuildFile; fileRef = 17FC060324ABC48E004B906E /* QuestionNumber.swift */; };
/* End PBXBuildFile section */

/* Begin PBXFileReference section */
		064ABC7924ABB8050019A2AB /* CamingoCode-Regular.ttf */ = {isa = PBXFileReference; lastKnownFileType = file; path = "CamingoCode-Regular.ttf"; sourceTree = "<group>"; };
		064ABC7D24ABBBA40019A2AB /* Constants.swift */ = {isa = PBXFileReference; lastKnownFileType = sourcecode.swift; path = Constants.swift; sourceTree = "<group>"; };
		17687ACD24A96FF2006CC0D9 /* CategoryScreen.swift */ = {isa = PBXFileReference; lastKnownFileType = sourcecode.swift; path = CategoryScreen.swift; sourceTree = "<group>"; };
		176ED12224A85F02000B99A3 /* Code Cracker.app */ = {isa = PBXFileReference; explicitFileType = wrapper.application; includeInIndex = 0; path = "Code Cracker.app"; sourceTree = BUILT_PRODUCTS_DIR; };
		176ED12524A85F02000B99A3 /* AppDelegate.swift */ = {isa = PBXFileReference; lastKnownFileType = sourcecode.swift; path = AppDelegate.swift; sourceTree = "<group>"; };
		176ED12724A85F02000B99A3 /* SceneDelegate.swift */ = {isa = PBXFileReference; lastKnownFileType = sourcecode.swift; path = SceneDelegate.swift; sourceTree = "<group>"; };
		176ED12924A85F02000B99A3 /* ViewController.swift */ = {isa = PBXFileReference; lastKnownFileType = sourcecode.swift; path = ViewController.swift; sourceTree = "<group>"; };
		176ED12E24A85F02000B99A3 /* Assets.xcassets */ = {isa = PBXFileReference; lastKnownFileType = folder.assetcatalog; path = Assets.xcassets; sourceTree = "<group>"; };
		176ED13124A85F02000B99A3 /* Base */ = {isa = PBXFileReference; lastKnownFileType = file.storyboard; name = Base; path = Base.lproj/LaunchScreen.storyboard; sourceTree = "<group>"; };
		176ED13324A85F02000B99A3 /* Info.plist */ = {isa = PBXFileReference; lastKnownFileType = text.plist.xml; path = Info.plist; sourceTree = "<group>"; };
		176ED13924A85FA7000B99A3 /* Questions.swift */ = {isa = PBXFileReference; lastKnownFileType = sourcecode.swift; path = Questions.swift; sourceTree = "<group>"; };
		176ED13B24A85FC5000B99A3 /* Answers.swift */ = {isa = PBXFileReference; lastKnownFileType = sourcecode.swift; path = Answers.swift; sourceTree = "<group>"; };
		176ED13D24A85FE7000B99A3 /* EndScreen.swift */ = {isa = PBXFileReference; lastKnownFileType = sourcecode.swift; path = EndScreen.swift; sourceTree = "<group>"; };
		17FC060324ABC48E004B906E /* QuestionNumber.swift */ = {isa = PBXFileReference; lastKnownFileType = sourcecode.swift; path = QuestionNumber.swift; sourceTree = "<group>"; };
/* End PBXFileReference section */

/* Begin PBXFrameworksBuildPhase section */
		176ED11F24A85F02000B99A3 /* Frameworks */ = {
			isa = PBXFrameworksBuildPhase;
			buildActionMask = 2147483647;
			files = (
			);
			runOnlyForDeploymentPostprocessing = 0;
		};
/* End PBXFrameworksBuildPhase section */

/* Begin PBXGroup section */
		064ABC7824ABB7C70019A2AB /* Fonts */ = {
			isa = PBXGroup;
			children = (
				064ABC7924ABB8050019A2AB /* CamingoCode-Regular.ttf */,
			);
			path = Fonts;
			sourceTree = "<group>";
		};
		176ED11924A85F02000B99A3 = {
			isa = PBXGroup;
			children = (
				176ED12424A85F02000B99A3 /* Code Cracker */,
				176ED12324A85F02000B99A3 /* Products */,
			);
			sourceTree = "<group>";
		};
		176ED12324A85F02000B99A3 /* Products */ = {
			isa = PBXGroup;
			children = (
				176ED12224A85F02000B99A3 /* Code Cracker.app */,
			);
			name = Products;
			sourceTree = "<group>";
		};
		176ED12424A85F02000B99A3 /* Code Cracker */ = {
			isa = PBXGroup;
			children = (
				064ABC7824ABB7C70019A2AB /* Fonts */,
				176ED12524A85F02000B99A3 /* AppDelegate.swift */,
				176ED12724A85F02000B99A3 /* SceneDelegate.swift */,
				064ABC7D24ABBBA40019A2AB /* Constants.swift */,
				176ED12924A85F02000B99A3 /* ViewController.swift */,
				17687ACD24A96FF2006CC0D9 /* CategoryScreen.swift */,
				176ED13924A85FA7000B99A3 /* Questions.swift */,
				17FC060324ABC48E004B906E /* QuestionNumber.swift */,
				176ED13B24A85FC5000B99A3 /* Answers.swift */,
				176ED13D24A85FE7000B99A3 /* EndScreen.swift */,
				176ED12E24A85F02000B99A3 /* Assets.xcassets */,
				176ED13024A85F02000B99A3 /* LaunchScreen.storyboard */,
				176ED13324A85F02000B99A3 /* Info.plist */,
			);
			path = "Code Cracker";
			sourceTree = "<group>";
		};
/* End PBXGroup section */

/* Begin PBXNativeTarget section */
		176ED12124A85F02000B99A3 /* Code Cracker */ = {
			isa = PBXNativeTarget;
			buildConfigurationList = 176ED13624A85F02000B99A3 /* Build configuration list for PBXNativeTarget "Code Cracker" */;
			buildPhases = (
				176ED11E24A85F02000B99A3 /* Sources */,
				176ED11F24A85F02000B99A3 /* Frameworks */,
				176ED12024A85F02000B99A3 /* Resources */,
			);
			buildRules = (
			);
			dependencies = (
			);
			name = "Code Cracker";
			productName = "Code Cracker";
			productReference = 176ED12224A85F02000B99A3 /* Code Cracker.app */;
			productType = "com.apple.product-type.application";
		};
/* End PBXNativeTarget section */

/* Begin PBXProject section */
		176ED11A24A85F02000B99A3 /* Project object */ = {
			isa = PBXProject;
			attributes = {
				LastSwiftUpdateCheck = 1150;
				LastUpgradeCheck = 1150;
				ORGANIZATIONNAME = "Justin Zhang Justin Kaufman";
				TargetAttributes = {
					176ED12124A85F02000B99A3 = {
						CreatedOnToolsVersion = 11.5;
					};
				};
			};
			buildConfigurationList = 176ED11D24A85F02000B99A3 /* Build configuration list for PBXProject "Code Cracker" */;
			compatibilityVersion = "Xcode 9.3";
			developmentRegion = en;
			hasScannedForEncodings = 0;
			knownRegions = (
				en,
				Base,
			);
			mainGroup = 176ED11924A85F02000B99A3;
			productRefGroup = 176ED12324A85F02000B99A3 /* Products */;
			projectDirPath = "";
			projectRoot = "";
			targets = (
				176ED12124A85F02000B99A3 /* Code Cracker */,
			);
		};
/* End PBXProject section */

/* Begin PBXResourcesBuildPhase section */
		176ED12024A85F02000B99A3 /* Resources */ = {
			isa = PBXResourcesBuildPhase;
			buildActionMask = 2147483647;
			files = (
				176ED13224A85F02000B99A3 /* LaunchScreen.storyboard in Resources */,
				176ED12F24A85F02000B99A3 /* Assets.xcassets in Resources */,
				064ABC7A24ABB8050019A2AB /* CamingoCode-Regular.ttf in Resources */,
			);
			runOnlyForDeploymentPostprocessing = 0;
		};
/* End PBXResourcesBuildPhase section */

/* Begin PBXSourcesBuildPhase section */
		176ED11E24A85F02000B99A3 /* Sources */ = {
			isa = PBXSourcesBuildPhase;
			buildActionMask = 2147483647;
			files = (
				176ED12A24A85F02000B99A3 /* ViewController.swift in Sources */,
				17FC060424ABC48E004B906E /* QuestionNumber.swift in Sources */,
				176ED13E24A85FE7000B99A3 /* EndScreen.swift in Sources */,
				176ED13A24A85FA7000B99A3 /* Questions.swift in Sources */,
				176ED12624A85F02000B99A3 /* AppDelegate.swift in Sources */,
				17687ACE24A96FF2006CC0D9 /* CategoryScreen.swift in Sources */,
				176ED13C24A85FC5000B99A3 /* Answers.swift in Sources */,
				176ED12824A85F02000B99A3 /* SceneDelegate.swift in Sources */,
				064ABC7E24ABBBA40019A2AB /* Constants.swift in Sources */,
			);
			runOnlyForDeploymentPostprocessing = 0;
		};
/* End PBXSourcesBuildPhase section */

/* Begin PBXVariantGroup section */
		176ED13024A85F02000B99A3 /* LaunchScreen.storyboard */ = {
			isa = PBXVariantGroup;
			children = (
				176ED13124A85F02000B99A3 /* Base */,
			);
			name = LaunchScreen.storyboard;
			sourceTree = "<group>";
		};
/* End PBXVariantGroup section */

/* Begin XCBuildConfiguration section */
		176ED13424A85F02000B99A3 /* Debug */ = {
			isa = XCBuildConfiguration;
			buildSettings = {
				ALWAYS_SEARCH_USER_PATHS = NO;
				CLANG_ANALYZER_NONNULL = YES;
				CLANG_ANALYZER_NUMBER_OBJECT_CONVERSION = YES_AGGRESSIVE;
				CLANG_CXX_LANGUAGE_STANDARD = "gnu++14";
				CLANG_CXX_LIBRARY = "libc++";
				CLANG_ENABLE_MODULES = YES;
				CLANG_ENABLE_OBJC_ARC = YES;
				CLANG_ENABLE_OBJC_WEAK = YES;
				CLANG_WARN_BLOCK_CAPTURE_AUTORELEASING = YES;
				CLANG_WARN_BOOL_CONVERSION = YES;
				CLANG_WARN_COMMA = YES;
				CLANG_WARN_CONSTANT_CONVERSION = YES;
				CLANG_WARN_DEPRECATED_OBJC_IMPLEMENTATIONS = YES;
				CLANG_WARN_DIRECT_OBJC_ISA_USAGE = YES_ERROR;
				CLANG_WARN_DOCUMENTATION_COMMENTS = YES;
				CLANG_WARN_EMPTY_BODY = YES;
				CLANG_WARN_ENUM_CONVERSION = YES;
				CLANG_WARN_INFINITE_RECURSION = YES;
				CLANG_WARN_INT_CONVERSION = YES;
				CLANG_WARN_NON_LITERAL_NULL_CONVERSION = YES;
				CLANG_WARN_OBJC_IMPLICIT_RETAIN_SELF = YES;
				CLANG_WARN_OBJC_LITERAL_CONVERSION = YES;
				CLANG_WARN_OBJC_ROOT_CLASS = YES_ERROR;
				CLANG_WARN_RANGE_LOOP_ANALYSIS = YES;
				CLANG_WARN_STRICT_PROTOTYPES = YES;
				CLANG_WARN_SUSPICIOUS_MOVE = YES;
				CLANG_WARN_UNGUARDED_AVAILABILITY = YES_AGGRESSIVE;
				CLANG_WARN_UNREACHABLE_CODE = YES;
				CLANG_WARN__DUPLICATE_METHOD_MATCH = YES;
				COPY_PHASE_STRIP = NO;
				DEBUG_INFORMATION_FORMAT = dwarf;
				ENABLE_STRICT_OBJC_MSGSEND = YES;
				ENABLE_TESTABILITY = YES;
				GCC_C_LANGUAGE_STANDARD = gnu11;
				GCC_DYNAMIC_NO_PIC = NO;
				GCC_NO_COMMON_BLOCKS = YES;
				GCC_OPTIMIZATION_LEVEL = 0;
				GCC_PREPROCESSOR_DEFINITIONS = (
					"DEBUG=1",
					"$(inherited)",
				);
				GCC_WARN_64_TO_32_BIT_CONVERSION = YES;
				GCC_WARN_ABOUT_RETURN_TYPE = YES_ERROR;
				GCC_WARN_UNDECLARED_SELECTOR = YES;
				GCC_WARN_UNINITIALIZED_AUTOS = YES_AGGRESSIVE;
				GCC_WARN_UNUSED_FUNCTION = YES;
				GCC_WARN_UNUSED_VARIABLE = YES;
				IPHONEOS_DEPLOYMENT_TARGET = 13.5;
				MTL_ENABLE_DEBUG_INFO = INCLUDE_SOURCE;
				MTL_FAST_MATH = YES;
				ONLY_ACTIVE_ARCH = YES;
				SDKROOT = iphoneos;
				SWIFT_ACTIVE_COMPILATION_CONDITIONS = DEBUG;
				SWIFT_OPTIMIZATION_LEVEL = "-Onone";
			};
			name = Debug;
		};
		176ED13524A85F02000B99A3 /* Release */ = {
			isa = XCBuildConfiguration;
			buildSettings = {
				ALWAYS_SEARCH_USER_PATHS = NO;
				CLANG_ANALYZER_NONNULL = YES;
				CLANG_ANALYZER_NUMBER_OBJECT_CONVERSION = YES_AGGRESSIVE;
				CLANG_CXX_LANGUAGE_STANDARD = "gnu++14";
				CLANG_CXX_LIBRARY = "libc++";
				CLANG_ENABLE_MODULES = YES;
				CLANG_ENABLE_OBJC_ARC = YES;
				CLANG_ENABLE_OBJC_WEAK = YES;
				CLANG_WARN_BLOCK_CAPTURE_AUTORELEASING = YES;
				CLANG_WARN_BOOL_CONVERSION = YES;
				CLANG_WARN_COMMA = YES;
				CLANG_WARN_CONSTANT_CONVERSION = YES;
				CLANG_WARN_DEPRECATED_OBJC_IMPLEMENTATIONS = YES;
				CLANG_WARN_DIRECT_OBJC_ISA_USAGE = YES_ERROR;
				CLANG_WARN_DOCUMENTATION_COMMENTS = YES;
				CLANG_WARN_EMPTY_BODY = YES;
				CLANG_WARN_ENUM_CONVERSION = YES;
				CLANG_WARN_INFINITE_RECURSION = YES;
				CLANG_WARN_INT_CONVERSION = YES;
				CLANG_WARN_NON_LITERAL_NULL_CONVERSION = YES;
				CLANG_WARN_OBJC_IMPLICIT_RETAIN_SELF = YES;
				CLANG_WARN_OBJC_LITERAL_CONVERSION = YES;
				CLANG_WARN_OBJC_ROOT_CLASS = YES_ERROR;
				CLANG_WARN_RANGE_LOOP_ANALYSIS = YES;
				CLANG_WARN_STRICT_PROTOTYPES = YES;
				CLANG_WARN_SUSPICIOUS_MOVE = YES;
				CLANG_WARN_UNGUARDED_AVAILABILITY = YES_AGGRESSIVE;
				CLANG_WARN_UNREACHABLE_CODE = YES;
				CLANG_WARN__DUPLICATE_METHOD_MATCH = YES;
				COPY_PHASE_STRIP = NO;
				DEBUG_INFORMATION_FORMAT = "dwarf-with-dsym";
				ENABLE_NS_ASSERTIONS = NO;
				ENABLE_STRICT_OBJC_MSGSEND = YES;
				GCC_C_LANGUAGE_STANDARD = gnu11;
				GCC_NO_COMMON_BLOCKS = YES;
				GCC_WARN_64_TO_32_BIT_CONVERSION = YES;
				GCC_WARN_ABOUT_RETURN_TYPE = YES_ERROR;
				GCC_WARN_UNDECLARED_SELECTOR = YES;
				GCC_WARN_UNINITIALIZED_AUTOS = YES_AGGRESSIVE;
				GCC_WARN_UNUSED_FUNCTION = YES;
				GCC_WARN_UNUSED_VARIABLE = YES;
				IPHONEOS_DEPLOYMENT_TARGET = 13.5;
				MTL_ENABLE_DEBUG_INFO = NO;
				MTL_FAST_MATH = YES;
				SDKROOT = iphoneos;
				SWIFT_COMPILATION_MODE = wholemodule;
				SWIFT_OPTIMIZATION_LEVEL = "-O";
				VALIDATE_PRODUCT = YES;
			};
			name = Release;
		};
		176ED13724A85F02000B99A3 /* Debug */ = {
			isa = XCBuildConfiguration;
			buildSettings = {
				ASSETCATALOG_COMPILER_APPICON_NAME = AppIcon;
				CODE_SIGN_STYLE = Automatic;
				INFOPLIST_FILE = "Code Cracker/Info.plist";
				LD_RUNPATH_SEARCH_PATHS = (
					"$(inherited)",
					"@executable_path/Frameworks",
				);
				PRODUCT_BUNDLE_IDENTIFIER = "com..Code-Cracker";
				PRODUCT_NAME = "$(TARGET_NAME)";
				SWIFT_VERSION = 5.0;
				TARGETED_DEVICE_FAMILY = "1,2";
			};
			name = Debug;
		};
		176ED13824A85F02000B99A3 /* Release */ = {
			isa = XCBuildConfiguration;
			buildSettings = {
				ASSETCATALOG_COMPILER_APPICON_NAME = AppIcon;
				CODE_SIGN_STYLE = Automatic;
				INFOPLIST_FILE = "Code Cracker/Info.plist";
				LD_RUNPATH_SEARCH_PATHS = (
					"$(inherited)",
					"@executable_path/Frameworks",
				);
				PRODUCT_BUNDLE_IDENTIFIER = "com..Code-Cracker";
				PRODUCT_NAME = "$(TARGET_NAME)";
				SWIFT_VERSION = 5.0;
				TARGETED_DEVICE_FAMILY = "1,2";
			};
			name = Release;
		};
/* End XCBuildConfiguration section */

/* Begin XCConfigurationList section */
		176ED11D24A85F02000B99A3 /* Build configuration list for PBXProject "Code Cracker" */ = {
			isa = XCConfigurationList;
			buildConfigurations = (
				176ED13424A85F02000B99A3 /* Debug */,
				176ED13524A85F02000B99A3 /* Release */,
			);
			defaultConfigurationIsVisible = 0;
			defaultConfigurationName = Release;
		};
		176ED13624A85F02000B99A3 /* Build configuration list for PBXNativeTarget "Code Cracker" */ = {
			isa = XCConfigurationList;
			buildConfigurations = (
				176ED13724A85F02000B99A3 /* Debug */,
				176ED13824A85F02000B99A3 /* Release */,
			);
			defaultConfigurationIsVisible = 0;
			defaultConfigurationName = Release;
		};
/* End XCConfigurationList section */
	};
	rootObject = 176ED11A24A85F02000B99A3 /* Project object */;
}
